
Microsoft Visual Studio Solution File, Format Version 12.00
# Visual Studio Version 17
VisualStudioVersion = 17.0.31912.275
MinimumVisualStudioVersion = 10.0.40219.1
Project("{9A19103F-16F7-4668-BE54-9A1E7A4F7556}") = "BinksFarm", "BinksFarm.csproj", "{01ECD20B-2487-4891-9B38-B614EB01C297}"
EndProject
Project("{9A19103F-16F7-4668-BE54-9A1E7A4F7556}") = "MonoCustoms", "MonoCustoms\MonoCustoms.csproj", "{3F915485-9EC1-4296-9AFF-0F4B83B38C73}"
EndProject
Global
	GlobalSection(SolutionConfigurationPlatforms) = preSolution
		Debug|Any CPU = Debug|Any CPU
		Release|Any CPU = Release|Any CPU
	EndGlobalSection
	GlobalSection(ProjectConfigurationPlatforms) = postSolution
		{01ECD20B-2487-4891-9B38-B614EB01C297}.Debug|Any CPU.ActiveCfg = Debug|Any CPU
		{01ECD20B-2487-4891-9B38-B614EB01C297}.Debug|Any CPU.Build.0 = Debug|Any CPU
		{01ECD20B-2487-4891-9B38-B614EB01C297}.Release|Any CPU.ActiveCfg = Release|Any CPU
		{01ECD20B-2487-4891-9B38-B614EB01C297}.Release|Any CPU.Build.0 = Release|Any CPU
		{3F915485-9EC1-4296-9AFF-0F4B83B38C73}.Debug|Any CPU.ActiveCfg = Debug|Any CPU
		{3F915485-9EC1-4296-9AFF-0F4B83B38C73}.Debug|Any CPU.Build.0 = Debug|Any CPU
		{3F915485-9EC1-4296-9AFF-0F4B83B38C73}.Release|Any CPU.ActiveCfg = Release|Any CPU
		{3F915485-9EC1-4296-9AFF-0F4B83B38C73}.Release|Any CPU.Build.0 = Release|Any CPU
	EndGlobalSection
	GlobalSection(SolutionProperties) = preSolution
		HideSolutionNode = FALSE
	EndGlobalSection
	GlobalSection(ExtensibilityGlobals) = postSolution
		SolutionGuid = {D7266559-BB77-4EA0-9B5E-28CCA86930A8}
	EndGlobalSection
EndGlobal
